
Microsoft Visual Studio Solution File, Format Version 12.00
# Visual Studio Version 16
VisualStudioVersion = 16.0.31702.278
MinimumVisualStudioVersion = 10.0.40219.1
Project("{FAE04EC0-301F-11D3-BF4B-00C04F79EFBC}") = "ExamManagement", "ExamManagement\ExamManagement.csproj", "{74F61BBD-7AEC-48DC-8364-DB260720A3C4}"
EndProject
Project("{FAE04EC0-301F-11D3-BF4B-00C04F79EFBC}") = "Entities", "Entities\Entities.csproj", "{040F9F1B-C40C-4066-9DE5-9DDFF8E41A98}"
EndProject
Project("{FAE04EC0-301F-11D3-BF4B-00C04F79EFBC}") = "Shared", "Shared\Shared.csproj", "{B0022B2A-F6A4-49A4-ACC6-F4D112136502}"
EndProject
Global
	GlobalSection(SolutionConfigurationPlatforms) = preSolution
		Debug|Any CPU = Debug|Any CPU
		Release|Any CPU = Release|Any CPU
	EndGlobalSection
	GlobalSection(ProjectConfigurationPlatforms) = postSolution
		{74F61BBD-7AEC-48DC-8364-DB260720A3C4}.Debug|Any CPU.ActiveCfg = Debug|Any CPU
		{74F61BBD-7AEC-48DC-8364-DB260720A3C4}.Debug|Any CPU.Build.0 = Debug|Any CPU
		{74F61BBD-7AEC-48DC-8364-DB260720A3C4}.Release|Any CPU.ActiveCfg = Release|Any CPU
		{74F61BBD-7AEC-48DC-8364-DB260720A3C4}.Release|Any CPU.Build.0 = Release|Any CPU
		{040F9F1B-C40C-4066-9DE5-9DDFF8E41A98}.Debug|Any CPU.ActiveCfg = Debug|Any CPU
		{040F9F1B-C40C-4066-9DE5-9DDFF8E41A98}.Debug|Any CPU.Build.0 = Debug|Any CPU
		{040F9F1B-C40C-4066-9DE5-9DDFF8E41A98}.Release|Any CPU.ActiveCfg = Release|Any CPU
		{040F9F1B-C40C-4066-9DE5-9DDFF8E41A98}.Release|Any CPU.Build.0 = Release|Any CPU
		{B0022B2A-F6A4-49A4-ACC6-F4D112136502}.Debug|Any CPU.ActiveCfg = Debug|Any CPU
		{B0022B2A-F6A4-49A4-ACC6-F4D112136502}.Debug|Any CPU.Build.0 = Debug|Any CPU
		{B0022B2A-F6A4-49A4-ACC6-F4D112136502}.Release|Any CPU.ActiveCfg = Release|Any CPU
		{B0022B2A-F6A4-49A4-ACC6-F4D112136502}.Release|Any CPU.Build.0 = Release|Any CPU
	EndGlobalSection
	GlobalSection(SolutionProperties) = preSolution
		HideSolutionNode = FALSE
	EndGlobalSection
	GlobalSection(ExtensibilityGlobals) = postSolution
		SolutionGuid = {132DB392-3F36-4365-BAF7-DAE713C2E5E8}
	EndGlobalSection
EndGlobal
